// !$*UTF8*$!
{
	archiveVersion = 1;
	classes = {
	};
	objectVersion = 46;
	objects = {

/* Begin PBXBuildFile section */
		46EE00FD14E71A5B00299BD8 /* UIKit.framework in Frameworks */ = {isa = PBXBuildFile; fileRef = 46EE00FC14E71A5B00299BD8 /* UIKit.framework */; };
		46EE00FF14E71A5B00299BD8 /* Foundation.framework in Frameworks */ = {isa = PBXBuildFile; fileRef = 46EE00FE14E71A5B00299BD8 /* Foundation.framework */; };
		46EE010114E71A5B00299BD8 /* CoreGraphics.framework in Frameworks */ = {isa = PBXBuildFile; fileRef = 46EE010014E71A5B00299BD8 /* CoreGraphics.framework */; };
		46EE010714E71A5B00299BD8 /* InfoPlist.strings in Resources */ = {isa = PBXBuildFile; fileRef = 46EE010514E71A5B00299BD8 /* InfoPlist.strings */; };
		46EE010914E71A5B00299BD8 /* main.m in Sources */ = {isa = PBXBuildFile; fileRef = 46EE010814E71A5B00299BD8 /* main.m */; };
		46EE010D14E71A5B00299BD8 /* AppDelegate.m in Sources */ = {isa = PBXBuildFile; fileRef = 46EE010C14E71A5B00299BD8 /* AppDelegate.m */; };
		46EE011014E71A5B00299BD8 /* MainStoryboard.storyboard in Resources */ = {isa = PBXBuildFile; fileRef = 46EE010E14E71A5B00299BD8 /* MainStoryboard.storyboard */; };
		46EE011314E71A5B00299BD8 /* ViewController.m in Sources */ = {isa = PBXBuildFile; fileRef = 46EE011214E71A5B00299BD8 /* ViewController.m */; };
		46F128E114E71D45003B6AF1 /* SpotifyViewController.m in Sources */ = {isa = PBXBuildFile; fileRef = 46F128DF14E71D45003B6AF1 /* SpotifyViewController.m */; settings = {COMPILER_FLAGS = "-fno-objc-arc"; }; };
		46F128E614E722A3003B6AF1 /* RoboViewController.m in Sources */ = {isa = PBXBuildFile; fileRef = 46F128E514E722A3003B6AF1 /* RoboViewController.m */; };
		46F128EB14E72419003B6AF1 /* Paradise.mp3 in Resources */ = {isa = PBXBuildFile; fileRef = 46F128EA14E72419003B6AF1 /* Paradise.mp3 */; };
		46F128ED14E72442003B6AF1 /* Say.mp3 in Resources */ = {isa = PBXBuildFile; fileRef = 46F128EC14E72442003B6AF1 /* Say.mp3 */; };
		46F128EF14E7257E003B6AF1 /* AVFoundation.framework in Frameworks */ = {isa = PBXBuildFile; fileRef = 46F128EE14E7257D003B6AF1 /* AVFoundation.framework */; };
		46F128F314E728F4003B6AF1 /* CoreMedia.framework in Frameworks */ = {isa = PBXBuildFile; fileRef = 46F128F214E728F4003B6AF1 /* CoreMedia.framework */; };
		AEF8B49614E735B300E006B4 /* CoreAudio.framework in Frameworks */ = {isa = PBXBuildFile; fileRef = AEF8B49514E735B300E006B4 /* CoreAudio.framework */; };
		AEF8B49814E735C700E006B4 /* AudioToolbox.framework in Frameworks */ = {isa = PBXBuildFile; fileRef = AEF8B49714E735C700E006B4 /* AudioToolbox.framework */; };
		AEF8B49A14E735E200E006B4 /* CFNetwork.framework in Frameworks */ = {isa = PBXBuildFile; fileRef = AEF8B49914E735E200E006B4 /* CFNetwork.framework */; };
		AEF8B4A714E7378200E006B4 /* libCocoaLibSpotify.a in Frameworks */ = {isa = PBXBuildFile; fileRef = AEF8B4A314E7375E00E006B4 /* libCocoaLibSpotify.a */; };
/* End PBXBuildFile section */

/* Begin PBXContainerItemProxy section */
		AEF8B4A214E7375E00E006B4 /* PBXContainerItemProxy */ = {
			isa = PBXContainerItemProxy;
			containerPortal = AEF8B49B14E7375E00E006B4 /* CocoaLibSpotify iOS Library.xcodeproj */;
			proxyType = 2;
			remoteGlobalIDString = 50AF49DC1439CBFE00E4A5EF;
			remoteInfo = CocoaLibSpotify;
		};
		AEF8B4A514E7377F00E006B4 /* PBXContainerItemProxy */ = {
			isa = PBXContainerItemProxy;
			containerPortal = AEF8B49B14E7375E00E006B4 /* CocoaLibSpotify iOS Library.xcodeproj */;
			proxyType = 1;
			remoteGlobalIDString = 50AF49DB1439CBFE00E4A5EF;
			remoteInfo = CocoaLibSpotify;
		};
/* End PBXContainerItemProxy section */

/* Begin PBXFileReference section */
		46EE00F814E71A5B00299BD8 /* RoboDJ.app */ = {isa = PBXFileReference; explicitFileType = wrapper.application; includeInIndex = 0; path = RoboDJ.app; sourceTree = BUILT_PRODUCTS_DIR; };
		46EE00FC14E71A5B00299BD8 /* UIKit.framework */ = {isa = PBXFileReference; lastKnownFileType = wrapper.framework; name = UIKit.framework; path = System/Library/Frameworks/UIKit.framework; sourceTree = SDKROOT; };
		46EE00FE14E71A5B00299BD8 /* Foundation.framework */ = {isa = PBXFileReference; lastKnownFileType = wrapper.framework; name = Foundation.framework; path = System/Library/Frameworks/Foundation.framework; sourceTree = SDKROOT; };
		46EE010014E71A5B00299BD8 /* CoreGraphics.framework */ = {isa = PBXFileReference; lastKnownFileType = wrapper.framework; name = CoreGraphics.framework; path = System/Library/Frameworks/CoreGraphics.framework; sourceTree = SDKROOT; };
		46EE010414E71A5B00299BD8 /* RoboDJ-Info.plist */ = {isa = PBXFileReference; lastKnownFileType = text.plist.xml; path = "RoboDJ-Info.plist"; sourceTree = "<group>"; };
		46EE010614E71A5B00299BD8 /* en */ = {isa = PBXFileReference; lastKnownFileType = text.plist.strings; name = en; path = en.lproj/InfoPlist.strings; sourceTree = "<group>"; };
		46EE010814E71A5B00299BD8 /* main.m */ = {isa = PBXFileReference; lastKnownFileType = sourcecode.c.objc; path = main.m; sourceTree = "<group>"; };
		46EE010A14E71A5B00299BD8 /* RoboDJ-Prefix.pch */ = {isa = PBXFileReference; lastKnownFileType = sourcecode.c.h; path = "RoboDJ-Prefix.pch"; sourceTree = "<group>"; };
		46EE010B14E71A5B00299BD8 /* AppDelegate.h */ = {isa = PBXFileReference; lastKnownFileType = sourcecode.c.h; path = AppDelegate.h; sourceTree = "<group>"; };
		46EE010C14E71A5B00299BD8 /* AppDelegate.m */ = {isa = PBXFileReference; lastKnownFileType = sourcecode.c.objc; path = AppDelegate.m; sourceTree = "<group>"; };
		46EE010F14E71A5B00299BD8 /* en */ = {isa = PBXFileReference; lastKnownFileType = file.storyboard; name = en; path = en.lproj/MainStoryboard.storyboard; sourceTree = "<group>"; };
		46EE011114E71A5B00299BD8 /* ViewController.h */ = {isa = PBXFileReference; lastKnownFileType = sourcecode.c.h; path = ViewController.h; sourceTree = "<group>"; };
		46EE011214E71A5B00299BD8 /* ViewController.m */ = {isa = PBXFileReference; lastKnownFileType = sourcecode.c.objc; path = ViewController.m; sourceTree = "<group>"; };
		46F128DE14E71D45003B6AF1 /* SpotifyViewController.h */ = {isa = PBXFileReference; fileEncoding = 4; lastKnownFileType = sourcecode.c.h; path = SpotifyViewController.h; sourceTree = "<group>"; };
		46F128DF14E71D45003B6AF1 /* SpotifyViewController.m */ = {isa = PBXFileReference; fileEncoding = 4; lastKnownFileType = sourcecode.c.objc; path = SpotifyViewController.m; sourceTree = "<group>"; };
		46F128E414E722A3003B6AF1 /* RoboViewController.h */ = {isa = PBXFileReference; fileEncoding = 4; lastKnownFileType = sourcecode.c.h; path = RoboViewController.h; sourceTree = "<group>"; };
		46F128E514E722A3003B6AF1 /* RoboViewController.m */ = {isa = PBXFileReference; fileEncoding = 4; lastKnownFileType = sourcecode.c.objc; path = RoboViewController.m; sourceTree = "<group>"; };
		46F128EA14E72419003B6AF1 /* Paradise.mp3 */ = {isa = PBXFileReference; lastKnownFileType = audio.mp3; path = Paradise.mp3; sourceTree = "<group>"; };
		46F128EC14E72442003B6AF1 /* Say.mp3 */ = {isa = PBXFileReference; lastKnownFileType = audio.mp3; path = Say.mp3; sourceTree = "<group>"; };
		46F128EE14E7257D003B6AF1 /* AVFoundation.framework */ = {isa = PBXFileReference; lastKnownFileType = wrapper.framework; name = AVFoundation.framework; path = System/Library/Frameworks/AVFoundation.framework; sourceTree = SDKROOT; };
		46F128F214E728F4003B6AF1 /* CoreMedia.framework */ = {isa = PBXFileReference; lastKnownFileType = wrapper.framework; name = CoreMedia.framework; path = System/Library/Frameworks/CoreMedia.framework; sourceTree = SDKROOT; };
		AEF8B49514E735B300E006B4 /* CoreAudio.framework */ = {isa = PBXFileReference; lastKnownFileType = wrapper.framework; name = CoreAudio.framework; path = System/Library/Frameworks/CoreAudio.framework; sourceTree = SDKROOT; };
		AEF8B49714E735C700E006B4 /* AudioToolbox.framework */ = {isa = PBXFileReference; lastKnownFileType = wrapper.framework; name = AudioToolbox.framework; path = System/Library/Frameworks/AudioToolbox.framework; sourceTree = SDKROOT; };
		AEF8B49914E735E200E006B4 /* CFNetwork.framework */ = {isa = PBXFileReference; lastKnownFileType = wrapper.framework; name = CFNetwork.framework; path = System/Library/Frameworks/CFNetwork.framework; sourceTree = SDKROOT; };
		AEF8B49B14E7375E00E006B4 /* CocoaLibSpotify iOS Library.xcodeproj */ = {isa = PBXFileReference; lastKnownFileType = "wrapper.pb-project"; name = "CocoaLibSpotify iOS Library.xcodeproj"; path = "RoboDJ/Dependencies/CocoaLibSpotify/iOS Library/CocoaLibSpotify iOS Library.xcodeproj"; sourceTree = "<group>"; };
/* End PBXFileReference section */

/* Begin PBXFrameworksBuildPhase section */
		46EE00F514E71A5B00299BD8 /* Frameworks */ = {
			isa = PBXFrameworksBuildPhase;
			buildActionMask = 2147483647;
			files = (
				AEF8B4A714E7378200E006B4 /* libCocoaLibSpotify.a in Frameworks */,
				AEF8B49A14E735E200E006B4 /* CFNetwork.framework in Frameworks */,
				AEF8B49814E735C700E006B4 /* AudioToolbox.framework in Frameworks */,
				AEF8B49614E735B300E006B4 /* CoreAudio.framework in Frameworks */,
				46F128F314E728F4003B6AF1 /* CoreMedia.framework in Frameworks */,
				46F128EF14E7257E003B6AF1 /* AVFoundation.framework in Frameworks */,
				46EE00FD14E71A5B00299BD8 /* UIKit.framework in Frameworks */,
				46EE00FF14E71A5B00299BD8 /* Foundation.framework in Frameworks */,
				46EE010114E71A5B00299BD8 /* CoreGraphics.framework in Frameworks */,
			);
			runOnlyForDeploymentPostprocessing = 0;
		};
/* End PBXFrameworksBuildPhase section */

/* Begin PBXGroup section */
		46EE00ED14E71A5B00299BD8 = {
			isa = PBXGroup;
			children = (
				AEF8B49914E735E200E006B4 /* CFNetwork.framework */,
				AEF8B49714E735C700E006B4 /* AudioToolbox.framework */,
				AEF8B49514E735B300E006B4 /* CoreAudio.framework */,
				46F128E714E723AD003B6AF1 /* Audio */,
				46EE010214E71A5B00299BD8 /* RoboDJ */,
				46EE00FB14E71A5B00299BD8 /* Frameworks */,
				46EE00F914E71A5B00299BD8 /* Products */,
				AEF8B4A414E7376E00E006B4 /* Dependencies */,
			);
			sourceTree = "<group>";
		};
		46EE00F914E71A5B00299BD8 /* Products */ = {
			isa = PBXGroup;
			children = (
				46EE00F814E71A5B00299BD8 /* RoboDJ.app */,
			);
			name = Products;
			sourceTree = "<group>";
		};
		46EE00FB14E71A5B00299BD8 /* Frameworks */ = {
			isa = PBXGroup;
			children = (
				46F128F214E728F4003B6AF1 /* CoreMedia.framework */,
				46F128EE14E7257D003B6AF1 /* AVFoundation.framework */,
				46EE00FC14E71A5B00299BD8 /* UIKit.framework */,
				46EE00FE14E71A5B00299BD8 /* Foundation.framework */,
				46EE010014E71A5B00299BD8 /* CoreGraphics.framework */,
			);
			name = Frameworks;
			sourceTree = "<group>";
		};
		46EE010214E71A5B00299BD8 /* RoboDJ */ = {
			isa = PBXGroup;
			children = (
				46EE010B14E71A5B00299BD8 /* AppDelegate.h */,
				46EE010C14E71A5B00299BD8 /* AppDelegate.m */,
				46EE010E14E71A5B00299BD8 /* MainStoryboard.storyboard */,
				46EE011114E71A5B00299BD8 /* ViewController.h */,
				46EE011214E71A5B00299BD8 /* ViewController.m */,
				46F128DE14E71D45003B6AF1 /* SpotifyViewController.h */,
				46F128DF14E71D45003B6AF1 /* SpotifyViewController.m */,
				46F128E414E722A3003B6AF1 /* RoboViewController.h */,
				46F128E514E722A3003B6AF1 /* RoboViewController.m */,
				46EE010314E71A5B00299BD8 /* Supporting Files */,
			);
			path = RoboDJ;
			sourceTree = "<group>";
		};
		46EE010314E71A5B00299BD8 /* Supporting Files */ = {
			isa = PBXGroup;
			children = (
				46EE010414E71A5B00299BD8 /* RoboDJ-Info.plist */,
				46EE010514E71A5B00299BD8 /* InfoPlist.strings */,
				46EE010814E71A5B00299BD8 /* main.m */,
				46EE010A14E71A5B00299BD8 /* RoboDJ-Prefix.pch */,
			);
			name = "Supporting Files";
			sourceTree = "<group>";
		};
		46F128E714E723AD003B6AF1 /* Audio */ = {
			isa = PBXGroup;
			children = (
				46F128EA14E72419003B6AF1 /* Paradise.mp3 */,
				46F128EC14E72442003B6AF1 /* Say.mp3 */,
			);
			name = Audio;
			sourceTree = "<group>";
		};
		AEF8B49C14E7375E00E006B4 /* Products */ = {
			isa = PBXGroup;
			children = (
				AEF8B4A314E7375E00E006B4 /* libCocoaLibSpotify.a */,
			);
			name = Products;
			sourceTree = "<group>";
		};
		AEF8B4A414E7376E00E006B4 /* Dependencies */ = {
			isa = PBXGroup;
			children = (
				AEF8B49B14E7375E00E006B4 /* CocoaLibSpotify iOS Library.xcodeproj */,
			);
			name = Dependencies;
			sourceTree = "<group>";
		};
/* End PBXGroup section */

/* Begin PBXNativeTarget section */
		46EE00F714E71A5B00299BD8 /* RoboDJ */ = {
			isa = PBXNativeTarget;
			buildConfigurationList = 46EE011614E71A5B00299BD8 /* Build configuration list for PBXNativeTarget "RoboDJ" */;
			buildPhases = (
				46EE00F414E71A5B00299BD8 /* Sources */,
				46EE00F514E71A5B00299BD8 /* Frameworks */,
				46EE00F614E71A5B00299BD8 /* Resources */,
			);
			buildRules = (
			);
			dependencies = (
				AEF8B4A614E7377F00E006B4 /* PBXTargetDependency */,
			);
			name = RoboDJ;
			productName = RoboDJ;
			productReference = 46EE00F814E71A5B00299BD8 /* RoboDJ.app */;
			productType = "com.apple.product-type.application";
		};
/* End PBXNativeTarget section */

/* Begin PBXProject section */
		46EE00EF14E71A5B00299BD8 /* Project object */ = {
			isa = PBXProject;
			attributes = {
				LastUpgradeCheck = 0420;
				ORGANIZATIONNAME = n8chur;
			};
			buildConfigurationList = 46EE00F214E71A5B00299BD8 /* Build configuration list for PBXProject "RoboDJ" */;
			compatibilityVersion = "Xcode 3.2";
			developmentRegion = English;
			hasScannedForEncodings = 0;
			knownRegions = (
				en,
			);
			mainGroup = 46EE00ED14E71A5B00299BD8;
			productRefGroup = 46EE00F914E71A5B00299BD8 /* Products */;
			projectDirPath = "";
			projectReferences = (
				{
					ProductGroup = AEF8B49C14E7375E00E006B4 /* Products */;
					ProjectRef = AEF8B49B14E7375E00E006B4 /* CocoaLibSpotify iOS Library.xcodeproj */;
				},
			);
			projectRoot = "";
			targets = (
				46EE00F714E71A5B00299BD8 /* RoboDJ */,
			);
		};
/* End PBXProject section */

/* Begin PBXReferenceProxy section */
		AEF8B4A314E7375E00E006B4 /* libCocoaLibSpotify.a */ = {
			isa = PBXReferenceProxy;
			fileType = archive.ar;
			path = libCocoaLibSpotify.a;
			remoteRef = AEF8B4A214E7375E00E006B4 /* PBXContainerItemProxy */;
			sourceTree = BUILT_PRODUCTS_DIR;
		};
/* End PBXReferenceProxy section */

/* Begin PBXResourcesBuildPhase section */
		46EE00F614E71A5B00299BD8 /* Resources */ = {
			isa = PBXResourcesBuildPhase;
			buildActionMask = 2147483647;
			files = (
				46EE010714E71A5B00299BD8 /* InfoPlist.strings in Resources */,
				46EE011014E71A5B00299BD8 /* MainStoryboard.storyboard in Resources */,
				46F128EB14E72419003B6AF1 /* Paradise.mp3 in Resources */,
				46F128ED14E72442003B6AF1 /* Say.mp3 in Resources */,
			);
			runOnlyForDeploymentPostprocessing = 0;
		};
/* End PBXResourcesBuildPhase section */

/* Begin PBXSourcesBuildPhase section */
		46EE00F414E71A5B00299BD8 /* Sources */ = {
			isa = PBXSourcesBuildPhase;
			buildActionMask = 2147483647;
			files = (
				46EE010914E71A5B00299BD8 /* main.m in Sources */,
				46EE010D14E71A5B00299BD8 /* AppDelegate.m in Sources */,
				46EE011314E71A5B00299BD8 /* ViewController.m in Sources */,
				46F128E114E71D45003B6AF1 /* SpotifyViewController.m in Sources */,
				46F128E614E722A3003B6AF1 /* RoboViewController.m in Sources */,
			);
			runOnlyForDeploymentPostprocessing = 0;
		};
/* End PBXSourcesBuildPhase section */

/* Begin PBXTargetDependency section */
		AEF8B4A614E7377F00E006B4 /* PBXTargetDependency */ = {
			isa = PBXTargetDependency;
			name = CocoaLibSpotify;
			targetProxy = AEF8B4A514E7377F00E006B4 /* PBXContainerItemProxy */;
		};
/* End PBXTargetDependency section */

/* Begin PBXVariantGroup section */
		46EE010514E71A5B00299BD8 /* InfoPlist.strings */ = {
			isa = PBXVariantGroup;
			children = (
				46EE010614E71A5B00299BD8 /* en */,
			);
			name = InfoPlist.strings;
			sourceTree = "<group>";
		};
		46EE010E14E71A5B00299BD8 /* MainStoryboard.storyboard */ = {
			isa = PBXVariantGroup;
			children = (
				46EE010F14E71A5B00299BD8 /* en */,
			);
			name = MainStoryboard.storyboard;
			sourceTree = "<group>";
		};
/* End PBXVariantGroup section */

/* Begin XCBuildConfiguration section */
		46EE011414E71A5B00299BD8 /* Debug */ = {
			isa = XCBuildConfiguration;
			buildSettings = {
				ALWAYS_SEARCH_USER_PATHS = NO;
				ARCHS = "$(ARCHS_STANDARD_32_BIT)";
				CLANG_ENABLE_OBJC_ARC = YES;
				"CODE_SIGN_IDENTITY[sdk=iphoneos*]" = "iPhone Developer";
				COPY_PHASE_STRIP = NO;
				GCC_C_LANGUAGE_STANDARD = gnu99;
				GCC_DYNAMIC_NO_PIC = NO;
				GCC_OPTIMIZATION_LEVEL = 0;
				GCC_PREPROCESSOR_DEFINITIONS = (
					"DEBUG=1",
					"$(inherited)",
				);
				GCC_SYMBOLS_PRIVATE_EXTERN = NO;
				GCC_VERSION = com.apple.compilers.llvm.clang.1_0;
				GCC_WARN_ABOUT_MISSING_PROTOTYPES = YES;
				GCC_WARN_ABOUT_RETURN_TYPE = YES;
				GCC_WARN_UNUSED_VARIABLE = YES;
				IPHONEOS_DEPLOYMENT_TARGET = 5.0;
				SDKROOT = iphoneos;
			};
			name = Debug;
		};
		46EE011514E71A5B00299BD8 /* Release */ = {
			isa = XCBuildConfiguration;
			buildSettings = {
				ALWAYS_SEARCH_USER_PATHS = NO;
				ARCHS = "$(ARCHS_STANDARD_32_BIT)";
				CLANG_ENABLE_OBJC_ARC = YES;
				"CODE_SIGN_IDENTITY[sdk=iphoneos*]" = "iPhone Developer";
				COPY_PHASE_STRIP = YES;
				GCC_C_LANGUAGE_STANDARD = gnu99;
				GCC_VERSION = com.apple.compilers.llvm.clang.1_0;
				GCC_WARN_ABOUT_MISSING_PROTOTYPES = YES;
				GCC_WARN_ABOUT_RETURN_TYPE = YES;
				GCC_WARN_UNUSED_VARIABLE = YES;
				IPHONEOS_DEPLOYMENT_TARGET = 5.0;
				OTHER_CFLAGS = "-DNS_BLOCK_ASSERTIONS=1";
				SDKROOT = iphoneos;
				VALIDATE_PRODUCT = YES;
			};
			name = Release;
		};
		46EE011714E71A5B00299BD8 /* Debug */ = {
			isa = XCBuildConfiguration;
			buildSettings = {
				CODE_SIGN_IDENTITY = "iPhone Developer";
				GCC_PRECOMPILE_PREFIX_HEADER = YES;
				GCC_PREFIX_HEADER = "RoboDJ/RoboDJ-Prefix.pch";
				INFOPLIST_FILE = "RoboDJ/RoboDJ-Info.plist";
				PRODUCT_NAME = "$(TARGET_NAME)";
				PROVISIONING_PROFILE = "";
				WRAPPER_EXTENSION = app;
			};
			name = Debug;
		};
		46EE011814E71A5B00299BD8 /* Release */ = {
			isa = XCBuildConfiguration;
			buildSettings = {
				CODE_SIGN_IDENTITY = "iPhone Developer";
				GCC_PRECOMPILE_PREFIX_HEADER = YES;
				GCC_PREFIX_HEADER = "RoboDJ/RoboDJ-Prefix.pch";
				INFOPLIST_FILE = "RoboDJ/RoboDJ-Info.plist";
				PRODUCT_NAME = "$(TARGET_NAME)";
				PROVISIONING_PROFILE = "";
				WRAPPER_EXTENSION = app;
			};
			name = Release;
		};
/* End XCBuildConfiguration section */

/* Begin XCConfigurationList section */
		46EE00F214E71A5B00299BD8 /* Build configuration list for PBXProject "RoboDJ" */ = {
			isa = XCConfigurationList;
			buildConfigurations = (
				46EE011414E71A5B00299BD8 /* Debug */,
				46EE011514E71A5B00299BD8 /* Release */,
			);
			defaultConfigurationIsVisible = 0;
			defaultConfigurationName = Release;
		};
		46EE011614E71A5B00299BD8 /* Build configuration list for PBXNativeTarget "RoboDJ" */ = {
			isa = XCConfigurationList;
			buildConfigurations = (
				46EE011714E71A5B00299BD8 /* Debug */,
				46EE011814E71A5B00299BD8 /* Release */,
			);
			defaultConfigurationIsVisible = 0;
			defaultConfigurationName = Release;
		};
/* End XCConfigurationList section */
	};
	rootObject = 46EE00EF14E71A5B00299BD8 /* Project object */;
}
