// !$*UTF8*$!
{
	archiveVersion = 1;
	classes = {
	};
	objectVersion = 46;
	objects = {

/* Begin PBXBuildFile section */
		467E31C814E7D0CD0081FDAB /* BonjourViewController.m in Sources */ = {isa = PBXBuildFile; fileRef = 467E31C714E7D0CC0081FDAB /* BonjourViewController.m */; };
		469D3CD614E767C100111F81 /* Reachability.m in Sources */ = {isa = PBXBuildFile; fileRef = 469D3C9214E767C100111F81 /* Reachability.m */; settings = {COMPILER_FLAGS = "-fno-objc-arc"; }; };
		469D3CD714E767C100111F81 /* ASIAuthenticationDialog.m in Sources */ = {isa = PBXBuildFile; fileRef = 469D3C9614E767C100111F81 /* ASIAuthenticationDialog.m */; settings = {COMPILER_FLAGS = "-fno-objc-arc"; }; };
		469D3CD814E767C100111F81 /* ASIDataCompressor.m in Sources */ = {isa = PBXBuildFile; fileRef = 469D3C9914E767C100111F81 /* ASIDataCompressor.m */; settings = {COMPILER_FLAGS = "-fno-objc-arc"; }; };
		469D3CD914E767C100111F81 /* ASIDataDecompressor.m in Sources */ = {isa = PBXBuildFile; fileRef = 469D3C9B14E767C100111F81 /* ASIDataDecompressor.m */; settings = {COMPILER_FLAGS = "-fno-objc-arc"; }; };
		469D3CDA14E767C100111F81 /* ASIDownloadCache.m in Sources */ = {isa = PBXBuildFile; fileRef = 469D3C9D14E767C100111F81 /* ASIDownloadCache.m */; settings = {COMPILER_FLAGS = "-fno-objc-arc"; }; };
		469D3CDB14E767C100111F81 /* ASIFormDataRequest.m in Sources */ = {isa = PBXBuildFile; fileRef = 469D3C9F14E767C100111F81 /* ASIFormDataRequest.m */; settings = {COMPILER_FLAGS = "-fno-objc-arc"; }; };
		469D3CDC14E767C100111F81 /* ASIHTTPRequest.m in Sources */ = {isa = PBXBuildFile; fileRef = 469D3CA114E767C100111F81 /* ASIHTTPRequest.m */; settings = {COMPILER_FLAGS = "-fno-objc-arc"; }; };
		469D3CDD14E767C100111F81 /* ASIInputStream.m in Sources */ = {isa = PBXBuildFile; fileRef = 469D3CA514E767C100111F81 /* ASIInputStream.m */; settings = {COMPILER_FLAGS = "-fno-objc-arc"; }; };
		469D3CDE14E767C100111F81 /* ASINetworkQueue.m in Sources */ = {isa = PBXBuildFile; fileRef = 469D3CA714E767C100111F81 /* ASINetworkQueue.m */; settings = {COMPILER_FLAGS = "-fno-objc-arc"; }; };
		469D3CDF14E767C100111F81 /* Base64Transcoder.c in Sources */ = {isa = PBXBuildFile; fileRef = 469D3CAA14E767C100111F81 /* Base64Transcoder.c */; settings = {COMPILER_FLAGS = "-fno-objc-arc"; }; };
		469D3CE014E767C100111F81 /* ENAPI.m in Sources */ = {isa = PBXBuildFile; fileRef = 469D3CAD14E767C100111F81 /* ENAPI.m */; settings = {COMPILER_FLAGS = "-fno-objc-arc"; }; };
		469D3CE114E767C100111F81 /* ENAPIPostRequest.m in Sources */ = {isa = PBXBuildFile; fileRef = 469D3CB014E767C100111F81 /* ENAPIPostRequest.m */; settings = {COMPILER_FLAGS = "-fno-objc-arc"; }; };
		469D3CE214E767C100111F81 /* ENAPIRequest.m in Sources */ = {isa = PBXBuildFile; fileRef = 469D3CB214E767C100111F81 /* ENAPIRequest.m */; settings = {COMPILER_FLAGS = "-fno-objc-arc"; }; };
		469D3CE314E767C100111F81 /* ENArtist.m in Sources */ = {isa = PBXBuildFile; fileRef = 469D3CB414E767C100111F81 /* ENArtist.m */; settings = {COMPILER_FLAGS = "-fno-objc-arc"; }; };
		469D3CE414E767C100111F81 /* ENParamDictionary.m in Sources */ = {isa = PBXBuildFile; fileRef = 469D3CB614E767C100111F81 /* ENParamDictionary.m */; settings = {COMPILER_FLAGS = "-fno-objc-arc"; }; };
		469D3CE514E767C100111F81 /* ENSigner.m in Sources */ = {isa = PBXBuildFile; fileRef = 469D3CB814E767C100111F81 /* ENSigner.m */; settings = {COMPILER_FLAGS = "-fno-objc-arc"; }; };
		469D3CE614E767C100111F81 /* NSObject+JSON.m in Sources */ = {isa = PBXBuildFile; fileRef = 469D3CBC14E767C100111F81 /* NSObject+JSON.m */; settings = {COMPILER_FLAGS = "-fno-objc-arc"; }; };
		469D3CE714E767C100111F81 /* SBJsonParser.m in Sources */ = {isa = PBXBuildFile; fileRef = 469D3CBE14E767C100111F81 /* SBJsonParser.m */; settings = {COMPILER_FLAGS = "-fno-objc-arc"; }; };
		469D3CE814E767C100111F81 /* SBJsonStreamParser.m in Sources */ = {isa = PBXBuildFile; fileRef = 469D3CC014E767C100111F81 /* SBJsonStreamParser.m */; settings = {COMPILER_FLAGS = "-fno-objc-arc"; }; };
		469D3CE914E767C100111F81 /* SBJsonStreamParserAdapter.m in Sources */ = {isa = PBXBuildFile; fileRef = 469D3CC214E767C100111F81 /* SBJsonStreamParserAdapter.m */; settings = {COMPILER_FLAGS = "-fno-objc-arc"; }; };
		469D3CEA14E767C100111F81 /* SBJsonStreamParserState.m in Sources */ = {isa = PBXBuildFile; fileRef = 469D3CC414E767C100111F81 /* SBJsonStreamParserState.m */; settings = {COMPILER_FLAGS = "-fno-objc-arc"; }; };
		469D3CEB14E767C100111F81 /* SBJsonStreamWriter.m in Sources */ = {isa = PBXBuildFile; fileRef = 469D3CC614E767C100111F81 /* SBJsonStreamWriter.m */; settings = {COMPILER_FLAGS = "-fno-objc-arc"; }; };
		469D3CEC14E767C100111F81 /* SBJsonStreamWriterState.m in Sources */ = {isa = PBXBuildFile; fileRef = 469D3CC814E767C100111F81 /* SBJsonStreamWriterState.m */; settings = {COMPILER_FLAGS = "-fno-objc-arc"; }; };
		469D3CED14E767C100111F81 /* SBJsonTokeniser.m in Sources */ = {isa = PBXBuildFile; fileRef = 469D3CCA14E767C100111F81 /* SBJsonTokeniser.m */; settings = {COMPILER_FLAGS = "-fno-objc-arc"; }; };
		469D3CEE14E767C100111F81 /* SBJsonWriter.m in Sources */ = {isa = PBXBuildFile; fileRef = 469D3CCC14E767C100111F81 /* SBJsonWriter.m */; settings = {COMPILER_FLAGS = "-fno-objc-arc"; }; };
		469D3CEF14E767C100111F81 /* NSArray+ENAPI.m in Sources */ = {isa = PBXBuildFile; fileRef = 469D3CCE14E767C100111F81 /* NSArray+ENAPI.m */; settings = {COMPILER_FLAGS = "-fno-objc-arc"; }; };
		469D3CF014E767C100111F81 /* NSData+MD5.m in Sources */ = {isa = PBXBuildFile; fileRef = 469D3CD014E767C100111F81 /* NSData+MD5.m */; settings = {COMPILER_FLAGS = "-fno-objc-arc"; }; };
		469D3CF114E767C100111F81 /* NSMutableDictionary+QueryString.m in Sources */ = {isa = PBXBuildFile; fileRef = 469D3CD214E767C100111F81 /* NSMutableDictionary+QueryString.m */; settings = {COMPILER_FLAGS = "-fno-objc-arc"; }; };
		469D3CF214E767C100111F81 /* TSLibraryImport.m in Sources */ = {isa = PBXBuildFile; fileRef = 469D3CD514E767C100111F81 /* TSLibraryImport.m */; settings = {COMPILER_FLAGS = "-fno-objc-arc"; }; };
		469D3CF514E767F600111F81 /* EchonestViewController.m in Sources */ = {isa = PBXBuildFile; fileRef = 469D3CF414E767F600111F81 /* EchonestViewController.m */; settings = {COMPILER_FLAGS = "-fno-objc-arc"; }; };
		46BC0CE014E7692500C503DE /* libz.dylib in Frameworks */ = {isa = PBXBuildFile; fileRef = 46BC0CDF14E7692500C503DE /* libz.dylib */; };
		46BC0CE214E7693000C503DE /* MobileCoreServices.framework in Frameworks */ = {isa = PBXBuildFile; fileRef = 46BC0CE114E7693000C503DE /* MobileCoreServices.framework */; };
		46BC0CE414E7694200C503DE /* MediaPlayer.framework in Frameworks */ = {isa = PBXBuildFile; fileRef = 46BC0CE314E7694200C503DE /* MediaPlayer.framework */; };
		46BC0CE614E7695300C503DE /* SystemConfiguration.framework in Frameworks */ = {isa = PBXBuildFile; fileRef = 46BC0CE514E7695300C503DE /* SystemConfiguration.framework */; };
		46C6033714E7FA7900A4E767 /* SPCircularBuffer.m in Sources */ = {isa = PBXBuildFile; fileRef = 46C6033414E7FA7900A4E767 /* SPCircularBuffer.m */; };
		46C6033814E7FA7900A4E767 /* SPPlaybackManager.m in Sources */ = {isa = PBXBuildFile; fileRef = 46C6033614E7FA7900A4E767 /* SPPlaybackManager.m */; };
		46C6034A14E8159D00A4E767 /* SecondStoryboard.storyboard in Resources */ = {isa = PBXBuildFile; fileRef = 46C6034914E8159D00A4E767 /* SecondStoryboard.storyboard */; };
		46C6035214E821EE00A4E767 /* like.png in Resources */ = {isa = PBXBuildFile; fileRef = 46C6034E14E821EE00A4E767 /* like.png */; };
		46C6035314E821EE00A4E767 /* like@2x.png in Resources */ = {isa = PBXBuildFile; fileRef = 46C6034F14E821EE00A4E767 /* like@2x.png */; };
		46C6035614E8225700A4E767 /* dislike.png in Resources */ = {isa = PBXBuildFile; fileRef = 46C6035414E8225700A4E767 /* dislike.png */; };
		46C6035714E8225700A4E767 /* dislike@2x.png in Resources */ = {isa = PBXBuildFile; fileRef = 46C6035514E8225700A4E767 /* dislike@2x.png */; };
		46C6035A14E8236E00A4E767 /* bg.png in Resources */ = {isa = PBXBuildFile; fileRef = 46C6035814E8236E00A4E767 /* bg.png */; };
		46C6035B14E8236E00A4E767 /* bg@2x.png in Resources */ = {isa = PBXBuildFile; fileRef = 46C6035914E8236E00A4E767 /* bg@2x.png */; };
		46EE00FD14E71A5B00299BD8 /* UIKit.framework in Frameworks */ = {isa = PBXBuildFile; fileRef = 46EE00FC14E71A5B00299BD8 /* UIKit.framework */; };
		46EE00FF14E71A5B00299BD8 /* Foundation.framework in Frameworks */ = {isa = PBXBuildFile; fileRef = 46EE00FE14E71A5B00299BD8 /* Foundation.framework */; };
		46EE010114E71A5B00299BD8 /* CoreGraphics.framework in Frameworks */ = {isa = PBXBuildFile; fileRef = 46EE010014E71A5B00299BD8 /* CoreGraphics.framework */; };
		46EE010714E71A5B00299BD8 /* InfoPlist.strings in Resources */ = {isa = PBXBuildFile; fileRef = 46EE010514E71A5B00299BD8 /* InfoPlist.strings */; };
		46EE010914E71A5B00299BD8 /* main.m in Sources */ = {isa = PBXBuildFile; fileRef = 46EE010814E71A5B00299BD8 /* main.m */; };
		46EE010D14E71A5B00299BD8 /* AppDelegate.m in Sources */ = {isa = PBXBuildFile; fileRef = 46EE010C14E71A5B00299BD8 /* AppDelegate.m */; };
		46EE011014E71A5B00299BD8 /* MainStoryboard.storyboard in Resources */ = {isa = PBXBuildFile; fileRef = 46EE010E14E71A5B00299BD8 /* MainStoryboard.storyboard */; };
		46EE011314E71A5B00299BD8 /* ViewController.m in Sources */ = {isa = PBXBuildFile; fileRef = 46EE011214E71A5B00299BD8 /* ViewController.m */; };
		46F128E114E71D45003B6AF1 /* SpotifyViewController.m in Sources */ = {isa = PBXBuildFile; fileRef = 46F128DF14E71D45003B6AF1 /* SpotifyViewController.m */; };
		46F128E614E722A3003B6AF1 /* RoboViewController.m in Sources */ = {isa = PBXBuildFile; fileRef = 46F128E514E722A3003B6AF1 /* RoboViewController.m */; };
		46F128EB14E72419003B6AF1 /* Paradise.mp3 in Resources */ = {isa = PBXBuildFile; fileRef = 46F128EA14E72419003B6AF1 /* Paradise.mp3 */; };
		46F128ED14E72442003B6AF1 /* Say.mp3 in Resources */ = {isa = PBXBuildFile; fileRef = 46F128EC14E72442003B6AF1 /* Say.mp3 */; };
		46F128EF14E7257E003B6AF1 /* AVFoundation.framework in Frameworks */ = {isa = PBXBuildFile; fileRef = 46F128EE14E7257D003B6AF1 /* AVFoundation.framework */; };
		46F128F314E728F4003B6AF1 /* CoreMedia.framework in Frameworks */ = {isa = PBXBuildFile; fileRef = 46F128F214E728F4003B6AF1 /* CoreMedia.framework */; };
		AE67FF0814E7781B00BC312F /* RDJSong.m in Sources */ = {isa = PBXBuildFile; fileRef = AE67FF0714E7781B00BC312F /* RDJSong.m */; };
		AE67FF0B14E7786D00BC312F /* RDJSection.m in Sources */ = {isa = PBXBuildFile; fileRef = AE67FF0A14E7786D00BC312F /* RDJSection.m */; };
		AE67FF0E14E77DE200BC312F /* Paradise.json in Resources */ = {isa = PBXBuildFile; fileRef = AE67FF0C14E77DE200BC312F /* Paradise.json */; };
		AE67FF0F14E77DE200BC312F /* Say.json in Resources */ = {isa = PBXBuildFile; fileRef = AE67FF0D14E77DE200BC312F /* Say.json */; };
		AEF8B49614E735B300E006B4 /* CoreAudio.framework in Frameworks */ = {isa = PBXBuildFile; fileRef = AEF8B49514E735B300E006B4 /* CoreAudio.framework */; };
		AEF8B49814E735C700E006B4 /* AudioToolbox.framework in Frameworks */ = {isa = PBXBuildFile; fileRef = AEF8B49714E735C700E006B4 /* AudioToolbox.framework */; };
		AEF8B49A14E735E200E006B4 /* CFNetwork.framework in Frameworks */ = {isa = PBXBuildFile; fileRef = AEF8B49914E735E200E006B4 /* CFNetwork.framework */; };
		AEF8B4A714E7378200E006B4 /* libCocoaLibSpotify.a in Frameworks */ = {isa = PBXBuildFile; fileRef = AEF8B4A314E7375E00E006B4 /* libCocoaLibSpotify.a */; };
		AEF8B4A914E7384B00E006B4 /* libstdc++.dylib in Frameworks */ = {isa = PBXBuildFile; fileRef = AEF8B4A814E7384B00E006B4 /* libstdc++.dylib */; };
/* End PBXBuildFile section */

/* Begin PBXContainerItemProxy section */
		AEF8B4A214E7375E00E006B4 /* PBXContainerItemProxy */ = {
			isa = PBXContainerItemProxy;
			containerPortal = AEF8B49B14E7375E00E006B4 /* CocoaLibSpotify iOS Library.xcodeproj */;
			proxyType = 2;
			remoteGlobalIDString = 50AF49DC1439CBFE00E4A5EF;
			remoteInfo = CocoaLibSpotify;
		};
		AEF8B4A514E7377F00E006B4 /* PBXContainerItemProxy */ = {
			isa = PBXContainerItemProxy;
			containerPortal = AEF8B49B14E7375E00E006B4 /* CocoaLibSpotify iOS Library.xcodeproj */;
			proxyType = 1;
			remoteGlobalIDString = 50AF49DB1439CBFE00E4A5EF;
			remoteInfo = CocoaLibSpotify;
		};
/* End PBXContainerItemProxy section */

/* Begin PBXFileReference section */
		467E31C614E7D0CC0081FDAB /* BonjourViewController.h */ = {isa = PBXFileReference; fileEncoding = 4; lastKnownFileType = sourcecode.c.h; path = BonjourViewController.h; sourceTree = "<group>"; };
		467E31C714E7D0CC0081FDAB /* BonjourViewController.m */ = {isa = PBXFileReference; fileEncoding = 4; lastKnownFileType = sourcecode.c.objc; path = BonjourViewController.m; sourceTree = "<group>"; };
		469D3C8E14E767C100111F81 /* libechonest-Prefix.pch */ = {isa = PBXFileReference; fileEncoding = 4; lastKnownFileType = sourcecode.c.h; path = "libechonest-Prefix.pch"; sourceTree = "<group>"; };
		469D3C9114E767C100111F81 /* Reachability.h */ = {isa = PBXFileReference; fileEncoding = 4; lastKnownFileType = sourcecode.c.h; path = Reachability.h; sourceTree = "<group>"; };
		469D3C9214E767C100111F81 /* Reachability.m */ = {isa = PBXFileReference; fileEncoding = 4; lastKnownFileType = sourcecode.c.objc; path = Reachability.m; sourceTree = "<group>"; };
		469D3C9514E767C100111F81 /* ASIAuthenticationDialog.h */ = {isa = PBXFileReference; fileEncoding = 4; lastKnownFileType = sourcecode.c.h; path = ASIAuthenticationDialog.h; sourceTree = "<group>"; };
		469D3C9614E767C100111F81 /* ASIAuthenticationDialog.m */ = {isa = PBXFileReference; fileEncoding = 4; lastKnownFileType = sourcecode.c.objc; path = ASIAuthenticationDialog.m; sourceTree = "<group>"; };
		469D3C9714E767C100111F81 /* ASICacheDelegate.h */ = {isa = PBXFileReference; fileEncoding = 4; lastKnownFileType = sourcecode.c.h; path = ASICacheDelegate.h; sourceTree = "<group>"; };
		469D3C9814E767C100111F81 /* ASIDataCompressor.h */ = {isa = PBXFileReference; fileEncoding = 4; lastKnownFileType = sourcecode.c.h; path = ASIDataCompressor.h; sourceTree = "<group>"; };
		469D3C9914E767C100111F81 /* ASIDataCompressor.m */ = {isa = PBXFileReference; fileEncoding = 4; lastKnownFileType = sourcecode.c.objc; path = ASIDataCompressor.m; sourceTree = "<group>"; };
		469D3C9A14E767C100111F81 /* ASIDataDecompressor.h */ = {isa = PBXFileReference; fileEncoding = 4; lastKnownFileType = sourcecode.c.h; path = ASIDataDecompressor.h; sourceTree = "<group>"; };
		469D3C9B14E767C100111F81 /* ASIDataDecompressor.m */ = {isa = PBXFileReference; fileEncoding = 4; lastKnownFileType = sourcecode.c.objc; path = ASIDataDecompressor.m; sourceTree = "<group>"; };
		469D3C9C14E767C100111F81 /* ASIDownloadCache.h */ = {isa = PBXFileReference; fileEncoding = 4; lastKnownFileType = sourcecode.c.h; path = ASIDownloadCache.h; sourceTree = "<group>"; };
		469D3C9D14E767C100111F81 /* ASIDownloadCache.m */ = {isa = PBXFileReference; fileEncoding = 4; lastKnownFileType = sourcecode.c.objc; path = ASIDownloadCache.m; sourceTree = "<group>"; };
		469D3C9E14E767C100111F81 /* ASIFormDataRequest.h */ = {isa = PBXFileReference; fileEncoding = 4; lastKnownFileType = sourcecode.c.h; path = ASIFormDataRequest.h; sourceTree = "<group>"; };
		469D3C9F14E767C100111F81 /* ASIFormDataRequest.m */ = {isa = PBXFileReference; fileEncoding = 4; lastKnownFileType = sourcecode.c.objc; path = ASIFormDataRequest.m; sourceTree = "<group>"; };
		469D3CA014E767C100111F81 /* ASIHTTPRequest.h */ = {isa = PBXFileReference; fileEncoding = 4; lastKnownFileType = sourcecode.c.h; path = ASIHTTPRequest.h; sourceTree = "<group>"; };
		469D3CA114E767C100111F81 /* ASIHTTPRequest.m */ = {isa = PBXFileReference; fileEncoding = 4; lastKnownFileType = sourcecode.c.objc; path = ASIHTTPRequest.m; sourceTree = "<group>"; };
		469D3CA214E767C100111F81 /* ASIHTTPRequestConfig.h */ = {isa = PBXFileReference; fileEncoding = 4; lastKnownFileType = sourcecode.c.h; path = ASIHTTPRequestConfig.h; sourceTree = "<group>"; };
		469D3CA314E767C100111F81 /* ASIHTTPRequestDelegate.h */ = {isa = PBXFileReference; fileEncoding = 4; lastKnownFileType = sourcecode.c.h; path = ASIHTTPRequestDelegate.h; sourceTree = "<group>"; };
		469D3CA414E767C100111F81 /* ASIInputStream.h */ = {isa = PBXFileReference; fileEncoding = 4; lastKnownFileType = sourcecode.c.h; path = ASIInputStream.h; sourceTree = "<group>"; };
		469D3CA514E767C100111F81 /* ASIInputStream.m */ = {isa = PBXFileReference; fileEncoding = 4; lastKnownFileType = sourcecode.c.objc; path = ASIInputStream.m; sourceTree = "<group>"; };
		469D3CA614E767C100111F81 /* ASINetworkQueue.h */ = {isa = PBXFileReference; fileEncoding = 4; lastKnownFileType = sourcecode.c.h; path = ASINetworkQueue.h; sourceTree = "<group>"; };
		469D3CA714E767C100111F81 /* ASINetworkQueue.m */ = {isa = PBXFileReference; fileEncoding = 4; lastKnownFileType = sourcecode.c.objc; path = ASINetworkQueue.m; sourceTree = "<group>"; };
		469D3CA814E767C100111F81 /* ASIProgressDelegate.h */ = {isa = PBXFileReference; fileEncoding = 4; lastKnownFileType = sourcecode.c.h; path = ASIProgressDelegate.h; sourceTree = "<group>"; };
		469D3CAA14E767C100111F81 /* Base64Transcoder.c */ = {isa = PBXFileReference; fileEncoding = 4; lastKnownFileType = sourcecode.c.c; path = Base64Transcoder.c; sourceTree = "<group>"; };
		469D3CAB14E767C100111F81 /* Base64Transcoder.h */ = {isa = PBXFileReference; fileEncoding = 4; lastKnownFileType = sourcecode.c.h; path = Base64Transcoder.h; sourceTree = "<group>"; };
		469D3CAC14E767C100111F81 /* ENAPI.h */ = {isa = PBXFileReference; fileEncoding = 4; lastKnownFileType = sourcecode.c.h; path = ENAPI.h; sourceTree = "<group>"; };
		469D3CAD14E767C100111F81 /* ENAPI.m */ = {isa = PBXFileReference; fileEncoding = 4; lastKnownFileType = sourcecode.c.objc; path = ENAPI.m; sourceTree = "<group>"; };
		469D3CAE14E767C100111F81 /* ENAPI_utils.h */ = {isa = PBXFileReference; fileEncoding = 4; lastKnownFileType = sourcecode.c.h; path = ENAPI_utils.h; sourceTree = "<group>"; };
		469D3CAF14E767C100111F81 /* ENAPIPostRequest.h */ = {isa = PBXFileReference; fileEncoding = 4; lastKnownFileType = sourcecode.c.h; path = ENAPIPostRequest.h; sourceTree = "<group>"; };
		469D3CB014E767C100111F81 /* ENAPIPostRequest.m */ = {isa = PBXFileReference; fileEncoding = 4; lastKnownFileType = sourcecode.c.objc; path = ENAPIPostRequest.m; sourceTree = "<group>"; };
		469D3CB114E767C100111F81 /* ENAPIRequest.h */ = {isa = PBXFileReference; fileEncoding = 4; lastKnownFileType = sourcecode.c.h; path = ENAPIRequest.h; sourceTree = "<group>"; };
		469D3CB214E767C100111F81 /* ENAPIRequest.m */ = {isa = PBXFileReference; fileEncoding = 4; lastKnownFileType = sourcecode.c.objc; path = ENAPIRequest.m; sourceTree = "<group>"; };
		469D3CB314E767C100111F81 /* ENArtist.h */ = {isa = PBXFileReference; fileEncoding = 4; lastKnownFileType = sourcecode.c.h; path = ENArtist.h; sourceTree = "<group>"; };
		469D3CB414E767C100111F81 /* ENArtist.m */ = {isa = PBXFileReference; fileEncoding = 4; lastKnownFileType = sourcecode.c.objc; path = ENArtist.m; sourceTree = "<group>"; };
		469D3CB514E767C100111F81 /* ENParamDictionary.h */ = {isa = PBXFileReference; fileEncoding = 4; lastKnownFileType = sourcecode.c.h; path = ENParamDictionary.h; sourceTree = "<group>"; };
		469D3CB614E767C100111F81 /* ENParamDictionary.m */ = {isa = PBXFileReference; fileEncoding = 4; lastKnownFileType = sourcecode.c.objc; path = ENParamDictionary.m; sourceTree = "<group>"; };
		469D3CB714E767C100111F81 /* ENSigner.h */ = {isa = PBXFileReference; fileEncoding = 4; lastKnownFileType = sourcecode.c.h; path = ENSigner.h; sourceTree = "<group>"; };
		469D3CB814E767C100111F81 /* ENSigner.m */ = {isa = PBXFileReference; fileEncoding = 4; lastKnownFileType = sourcecode.c.objc; path = ENSigner.m; sourceTree = "<group>"; };
		469D3CBA14E767C100111F81 /* JSON.h */ = {isa = PBXFileReference; fileEncoding = 4; lastKnownFileType = sourcecode.c.h; path = JSON.h; sourceTree = "<group>"; };
		469D3CBB14E767C100111F81 /* NSObject+JSON.h */ = {isa = PBXFileReference; fileEncoding = 4; lastKnownFileType = sourcecode.c.h; path = "NSObject+JSON.h"; sourceTree = "<group>"; };
		469D3CBC14E767C100111F81 /* NSObject+JSON.m */ = {isa = PBXFileReference; fileEncoding = 4; lastKnownFileType = sourcecode.c.objc; path = "NSObject+JSON.m"; sourceTree = "<group>"; };
		469D3CBD14E767C100111F81 /* SBJsonParser.h */ = {isa = PBXFileReference; fileEncoding = 4; lastKnownFileType = sourcecode.c.h; path = SBJsonParser.h; sourceTree = "<group>"; };
		469D3CBE14E767C100111F81 /* SBJsonParser.m */ = {isa = PBXFileReference; fileEncoding = 4; lastKnownFileType = sourcecode.c.objc; path = SBJsonParser.m; sourceTree = "<group>"; };
		469D3CBF14E767C100111F81 /* SBJsonStreamParser.h */ = {isa = PBXFileReference; fileEncoding = 4; lastKnownFileType = sourcecode.c.h; path = SBJsonStreamParser.h; sourceTree = "<group>"; };
		469D3CC014E767C100111F81 /* SBJsonStreamParser.m */ = {isa = PBXFileReference; fileEncoding = 4; lastKnownFileType = sourcecode.c.objc; path = SBJsonStreamParser.m; sourceTree = "<group>"; };
		469D3CC114E767C100111F81 /* SBJsonStreamParserAdapter.h */ = {isa = PBXFileReference; fileEncoding = 4; lastKnownFileType = sourcecode.c.h; path = SBJsonStreamParserAdapter.h; sourceTree = "<group>"; };
		469D3CC214E767C100111F81 /* SBJsonStreamParserAdapter.m */ = {isa = PBXFileReference; fileEncoding = 4; lastKnownFileType = sourcecode.c.objc; path = SBJsonStreamParserAdapter.m; sourceTree = "<group>"; };
		469D3CC314E767C100111F81 /* SBJsonStreamParserState.h */ = {isa = PBXFileReference; fileEncoding = 4; lastKnownFileType = sourcecode.c.h; path = SBJsonStreamParserState.h; sourceTree = "<group>"; };
		469D3CC414E767C100111F81 /* SBJsonStreamParserState.m */ = {isa = PBXFileReference; fileEncoding = 4; lastKnownFileType = sourcecode.c.objc; path = SBJsonStreamParserState.m; sourceTree = "<group>"; };
		469D3CC514E767C100111F81 /* SBJsonStreamWriter.h */ = {isa = PBXFileReference; fileEncoding = 4; lastKnownFileType = sourcecode.c.h; path = SBJsonStreamWriter.h; sourceTree = "<group>"; };
		469D3CC614E767C100111F81 /* SBJsonStreamWriter.m */ = {isa = PBXFileReference; fileEncoding = 4; lastKnownFileType = sourcecode.c.objc; path = SBJsonStreamWriter.m; sourceTree = "<group>"; };
		469D3CC714E767C100111F81 /* SBJsonStreamWriterState.h */ = {isa = PBXFileReference; fileEncoding = 4; lastKnownFileType = sourcecode.c.h; path = SBJsonStreamWriterState.h; sourceTree = "<group>"; };
		469D3CC814E767C100111F81 /* SBJsonStreamWriterState.m */ = {isa = PBXFileReference; fileEncoding = 4; lastKnownFileType = sourcecode.c.objc; path = SBJsonStreamWriterState.m; sourceTree = "<group>"; };
		469D3CC914E767C100111F81 /* SBJsonTokeniser.h */ = {isa = PBXFileReference; fileEncoding = 4; lastKnownFileType = sourcecode.c.h; path = SBJsonTokeniser.h; sourceTree = "<group>"; };
		469D3CCA14E767C100111F81 /* SBJsonTokeniser.m */ = {isa = PBXFileReference; fileEncoding = 4; lastKnownFileType = sourcecode.c.objc; path = SBJsonTokeniser.m; sourceTree = "<group>"; };
		469D3CCB14E767C100111F81 /* SBJsonWriter.h */ = {isa = PBXFileReference; fileEncoding = 4; lastKnownFileType = sourcecode.c.h; path = SBJsonWriter.h; sourceTree = "<group>"; };
		469D3CCC14E767C100111F81 /* SBJsonWriter.m */ = {isa = PBXFileReference; fileEncoding = 4; lastKnownFileType = sourcecode.c.objc; path = SBJsonWriter.m; sourceTree = "<group>"; };
		469D3CCD14E767C100111F81 /* NSArray+ENAPI.h */ = {isa = PBXFileReference; fileEncoding = 4; lastKnownFileType = sourcecode.c.h; path = "NSArray+ENAPI.h"; sourceTree = "<group>"; };
		469D3CCE14E767C100111F81 /* NSArray+ENAPI.m */ = {isa = PBXFileReference; fileEncoding = 4; lastKnownFileType = sourcecode.c.objc; path = "NSArray+ENAPI.m"; sourceTree = "<group>"; };
		469D3CCF14E767C100111F81 /* NSData+MD5.h */ = {isa = PBXFileReference; fileEncoding = 4; lastKnownFileType = sourcecode.c.h; path = "NSData+MD5.h"; sourceTree = "<group>"; };
		469D3CD014E767C100111F81 /* NSData+MD5.m */ = {isa = PBXFileReference; fileEncoding = 4; lastKnownFileType = sourcecode.c.objc; path = "NSData+MD5.m"; sourceTree = "<group>"; };
		469D3CD114E767C100111F81 /* NSMutableDictionary+QueryString.h */ = {isa = PBXFileReference; fileEncoding = 4; lastKnownFileType = sourcecode.c.h; path = "NSMutableDictionary+QueryString.h"; sourceTree = "<group>"; };
		469D3CD214E767C100111F81 /* NSMutableDictionary+QueryString.m */ = {isa = PBXFileReference; fileEncoding = 4; lastKnownFileType = sourcecode.c.objc; path = "NSMutableDictionary+QueryString.m"; sourceTree = "<group>"; };
		469D3CD414E767C100111F81 /* TSLibraryImport.h */ = {isa = PBXFileReference; fileEncoding = 4; lastKnownFileType = sourcecode.c.h; path = TSLibraryImport.h; sourceTree = "<group>"; };
		469D3CD514E767C100111F81 /* TSLibraryImport.m */ = {isa = PBXFileReference; fileEncoding = 4; lastKnownFileType = sourcecode.c.objc; path = TSLibraryImport.m; sourceTree = "<group>"; };
		469D3CF314E767F600111F81 /* EchonestViewController.h */ = {isa = PBXFileReference; fileEncoding = 4; lastKnownFileType = sourcecode.c.h; path = EchonestViewController.h; sourceTree = "<group>"; };
		469D3CF414E767F600111F81 /* EchonestViewController.m */ = {isa = PBXFileReference; fileEncoding = 4; lastKnownFileType = sourcecode.c.objc; path = EchonestViewController.m; sourceTree = "<group>"; };
		46BC0CDF14E7692500C503DE /* libz.dylib */ = {isa = PBXFileReference; lastKnownFileType = "compiled.mach-o.dylib"; name = libz.dylib; path = usr/lib/libz.dylib; sourceTree = SDKROOT; };
		46BC0CE114E7693000C503DE /* MobileCoreServices.framework */ = {isa = PBXFileReference; lastKnownFileType = wrapper.framework; name = MobileCoreServices.framework; path = System/Library/Frameworks/MobileCoreServices.framework; sourceTree = SDKROOT; };
		46BC0CE314E7694200C503DE /* MediaPlayer.framework */ = {isa = PBXFileReference; lastKnownFileType = wrapper.framework; name = MediaPlayer.framework; path = System/Library/Frameworks/MediaPlayer.framework; sourceTree = SDKROOT; };
		46BC0CE514E7695300C503DE /* SystemConfiguration.framework */ = {isa = PBXFileReference; lastKnownFileType = wrapper.framework; name = SystemConfiguration.framework; path = System/Library/Frameworks/SystemConfiguration.framework; sourceTree = SDKROOT; };
		46C6033314E7FA7900A4E767 /* SPCircularBuffer.h */ = {isa = PBXFileReference; fileEncoding = 4; lastKnownFileType = sourcecode.c.h; name = SPCircularBuffer.h; path = "Dependencies/CocoaLibSpotify/Playback Helper Classes/SPCircularBuffer.h"; sourceTree = "<group>"; };
		46C6033414E7FA7900A4E767 /* SPCircularBuffer.m */ = {isa = PBXFileReference; fileEncoding = 4; lastKnownFileType = sourcecode.c.objc; name = SPCircularBuffer.m; path = "Dependencies/CocoaLibSpotify/Playback Helper Classes/SPCircularBuffer.m"; sourceTree = "<group>"; };
		46C6033514E7FA7900A4E767 /* SPPlaybackManager.h */ = {isa = PBXFileReference; fileEncoding = 4; lastKnownFileType = sourcecode.c.h; name = SPPlaybackManager.h; path = "Dependencies/CocoaLibSpotify/Playback Helper Classes/SPPlaybackManager.h"; sourceTree = "<group>"; };
		46C6033614E7FA7900A4E767 /* SPPlaybackManager.m */ = {isa = PBXFileReference; fileEncoding = 4; lastKnownFileType = sourcecode.c.objc; name = SPPlaybackManager.m; path = "Dependencies/CocoaLibSpotify/Playback Helper Classes/SPPlaybackManager.m"; sourceTree = "<group>"; };
		46C6034914E8159D00A4E767 /* SecondStoryboard.storyboard */ = {isa = PBXFileReference; fileEncoding = 4; lastKnownFileType = file.storyboard; path = SecondStoryboard.storyboard; sourceTree = "<group>"; };
		46C6034E14E821EE00A4E767 /* like.png */ = {isa = PBXFileReference; lastKnownFileType = image.png; path = like.png; sourceTree = "<group>"; };
		46C6034F14E821EE00A4E767 /* like@2x.png */ = {isa = PBXFileReference; lastKnownFileType = image.png; path = "like@2x.png"; sourceTree = "<group>"; };
		46C6035414E8225700A4E767 /* dislike.png */ = {isa = PBXFileReference; lastKnownFileType = image.png; path = dislike.png; sourceTree = "<group>"; };
		46C6035514E8225700A4E767 /* dislike@2x.png */ = {isa = PBXFileReference; lastKnownFileType = image.png; path = "dislike@2x.png"; sourceTree = "<group>"; };
		46C6035814E8236E00A4E767 /* bg.png */ = {isa = PBXFileReference; lastKnownFileType = image.png; path = bg.png; sourceTree = "<group>"; };
		46C6035914E8236E00A4E767 /* bg@2x.png */ = {isa = PBXFileReference; lastKnownFileType = image.png; path = "bg@2x.png"; sourceTree = "<group>"; };
		46EE00F814E71A5B00299BD8 /* RoboDJ.app */ = {isa = PBXFileReference; explicitFileType = wrapper.application; includeInIndex = 0; path = RoboDJ.app; sourceTree = BUILT_PRODUCTS_DIR; };
		46EE00FC14E71A5B00299BD8 /* UIKit.framework */ = {isa = PBXFileReference; lastKnownFileType = wrapper.framework; name = UIKit.framework; path = System/Library/Frameworks/UIKit.framework; sourceTree = SDKROOT; };
		46EE00FE14E71A5B00299BD8 /* Foundation.framework */ = {isa = PBXFileReference; lastKnownFileType = wrapper.framework; name = Foundation.framework; path = System/Library/Frameworks/Foundation.framework; sourceTree = SDKROOT; };
		46EE010014E71A5B00299BD8 /* CoreGraphics.framework */ = {isa = PBXFileReference; lastKnownFileType = wrapper.framework; name = CoreGraphics.framework; path = System/Library/Frameworks/CoreGraphics.framework; sourceTree = SDKROOT; };
		46EE010414E71A5B00299BD8 /* RoboDJ-Info.plist */ = {isa = PBXFileReference; lastKnownFileType = text.plist.xml; path = "RoboDJ-Info.plist"; sourceTree = "<group>"; };
		46EE010614E71A5B00299BD8 /* en */ = {isa = PBXFileReference; lastKnownFileType = text.plist.strings; name = en; path = en.lproj/InfoPlist.strings; sourceTree = "<group>"; };
		46EE010814E71A5B00299BD8 /* main.m */ = {isa = PBXFileReference; lastKnownFileType = sourcecode.c.objc; path = main.m; sourceTree = "<group>"; };
		46EE010A14E71A5B00299BD8 /* RoboDJ-Prefix.pch */ = {isa = PBXFileReference; lastKnownFileType = sourcecode.c.h; path = "RoboDJ-Prefix.pch"; sourceTree = "<group>"; };
		46EE010B14E71A5B00299BD8 /* AppDelegate.h */ = {isa = PBXFileReference; lastKnownFileType = sourcecode.c.h; path = AppDelegate.h; sourceTree = "<group>"; };
		46EE010C14E71A5B00299BD8 /* AppDelegate.m */ = {isa = PBXFileReference; lastKnownFileType = sourcecode.c.objc; path = AppDelegate.m; sourceTree = "<group>"; };
		46EE010F14E71A5B00299BD8 /* en */ = {isa = PBXFileReference; lastKnownFileType = file.storyboard; name = en; path = en.lproj/MainStoryboard.storyboard; sourceTree = "<group>"; };
		46EE011114E71A5B00299BD8 /* ViewController.h */ = {isa = PBXFileReference; lastKnownFileType = sourcecode.c.h; path = ViewController.h; sourceTree = "<group>"; };
		46EE011214E71A5B00299BD8 /* ViewController.m */ = {isa = PBXFileReference; lastKnownFileType = sourcecode.c.objc; path = ViewController.m; sourceTree = "<group>"; };
		46F128DE14E71D45003B6AF1 /* SpotifyViewController.h */ = {isa = PBXFileReference; fileEncoding = 4; lastKnownFileType = sourcecode.c.h; path = SpotifyViewController.h; sourceTree = "<group>"; };
		46F128DF14E71D45003B6AF1 /* SpotifyViewController.m */ = {isa = PBXFileReference; fileEncoding = 4; lastKnownFileType = sourcecode.c.objc; path = SpotifyViewController.m; sourceTree = "<group>"; };
		46F128E414E722A3003B6AF1 /* RoboViewController.h */ = {isa = PBXFileReference; fileEncoding = 4; lastKnownFileType = sourcecode.c.h; path = RoboViewController.h; sourceTree = "<group>"; };
		46F128E514E722A3003B6AF1 /* RoboViewController.m */ = {isa = PBXFileReference; fileEncoding = 4; lastKnownFileType = sourcecode.c.objc; path = RoboViewController.m; sourceTree = "<group>"; };
		46F128EA14E72419003B6AF1 /* Paradise.mp3 */ = {isa = PBXFileReference; lastKnownFileType = audio.mp3; path = Paradise.mp3; sourceTree = "<group>"; };
		46F128EC14E72442003B6AF1 /* Say.mp3 */ = {isa = PBXFileReference; lastKnownFileType = audio.mp3; path = Say.mp3; sourceTree = "<group>"; };
		46F128EE14E7257D003B6AF1 /* AVFoundation.framework */ = {isa = PBXFileReference; lastKnownFileType = wrapper.framework; name = AVFoundation.framework; path = System/Library/Frameworks/AVFoundation.framework; sourceTree = SDKROOT; };
		46F128F214E728F4003B6AF1 /* CoreMedia.framework */ = {isa = PBXFileReference; lastKnownFileType = wrapper.framework; name = CoreMedia.framework; path = System/Library/Frameworks/CoreMedia.framework; sourceTree = SDKROOT; };
		AE67FF0614E7781B00BC312F /* RDJSong.h */ = {isa = PBXFileReference; fileEncoding = 4; lastKnownFileType = sourcecode.c.h; path = RDJSong.h; sourceTree = "<group>"; };
		AE67FF0714E7781B00BC312F /* RDJSong.m */ = {isa = PBXFileReference; fileEncoding = 4; lastKnownFileType = sourcecode.c.objc; path = RDJSong.m; sourceTree = "<group>"; };
		AE67FF0914E7786C00BC312F /* RDJSection.h */ = {isa = PBXFileReference; fileEncoding = 4; lastKnownFileType = sourcecode.c.h; path = RDJSection.h; sourceTree = "<group>"; };
		AE67FF0A14E7786D00BC312F /* RDJSection.m */ = {isa = PBXFileReference; fileEncoding = 4; lastKnownFileType = sourcecode.c.objc; path = RDJSection.m; sourceTree = "<group>"; };
		AE67FF0C14E77DE200BC312F /* Paradise.json */ = {isa = PBXFileReference; fileEncoding = 4; lastKnownFileType = text.json; path = Paradise.json; sourceTree = "<group>"; };
		AE67FF0D14E77DE200BC312F /* Say.json */ = {isa = PBXFileReference; fileEncoding = 4; lastKnownFileType = text.json; path = Say.json; sourceTree = "<group>"; };
		AEF8B49514E735B300E006B4 /* CoreAudio.framework */ = {isa = PBXFileReference; lastKnownFileType = wrapper.framework; name = CoreAudio.framework; path = System/Library/Frameworks/CoreAudio.framework; sourceTree = SDKROOT; };
		AEF8B49714E735C700E006B4 /* AudioToolbox.framework */ = {isa = PBXFileReference; lastKnownFileType = wrapper.framework; name = AudioToolbox.framework; path = System/Library/Frameworks/AudioToolbox.framework; sourceTree = SDKROOT; };
		AEF8B49914E735E200E006B4 /* CFNetwork.framework */ = {isa = PBXFileReference; lastKnownFileType = wrapper.framework; name = CFNetwork.framework; path = System/Library/Frameworks/CFNetwork.framework; sourceTree = SDKROOT; };
		AEF8B49B14E7375E00E006B4 /* CocoaLibSpotify iOS Library.xcodeproj */ = {isa = PBXFileReference; lastKnownFileType = "wrapper.pb-project"; name = "CocoaLibSpotify iOS Library.xcodeproj"; path = "RoboDJ/Dependencies/CocoaLibSpotify/iOS Library/CocoaLibSpotify iOS Library.xcodeproj"; sourceTree = "<group>"; };
		AEF8B4A814E7384B00E006B4 /* libstdc++.dylib */ = {isa = PBXFileReference; lastKnownFileType = "compiled.mach-o.dylib"; name = "libstdc++.dylib"; path = "usr/lib/libstdc++.dylib"; sourceTree = SDKROOT; };
/* End PBXFileReference section */

/* Begin PBXFrameworksBuildPhase section */
		46EE00F514E71A5B00299BD8 /* Frameworks */ = {
			isa = PBXFrameworksBuildPhase;
			buildActionMask = 2147483647;
			files = (
				46BC0CE614E7695300C503DE /* SystemConfiguration.framework in Frameworks */,
				46BC0CE414E7694200C503DE /* MediaPlayer.framework in Frameworks */,
				46BC0CE214E7693000C503DE /* MobileCoreServices.framework in Frameworks */,
				46BC0CE014E7692500C503DE /* libz.dylib in Frameworks */,
				AEF8B4A914E7384B00E006B4 /* libstdc++.dylib in Frameworks */,
				AEF8B4A714E7378200E006B4 /* libCocoaLibSpotify.a in Frameworks */,
				AEF8B49A14E735E200E006B4 /* CFNetwork.framework in Frameworks */,
				AEF8B49814E735C700E006B4 /* AudioToolbox.framework in Frameworks */,
				AEF8B49614E735B300E006B4 /* CoreAudio.framework in Frameworks */,
				46F128F314E728F4003B6AF1 /* CoreMedia.framework in Frameworks */,
				46F128EF14E7257E003B6AF1 /* AVFoundation.framework in Frameworks */,
				46EE00FD14E71A5B00299BD8 /* UIKit.framework in Frameworks */,
				46EE00FF14E71A5B00299BD8 /* Foundation.framework in Frameworks */,
				46EE010114E71A5B00299BD8 /* CoreGraphics.framework in Frameworks */,
			);
			runOnlyForDeploymentPostprocessing = 0;
		};
/* End PBXFrameworksBuildPhase section */

/* Begin PBXGroup section */
		4657AF4214E7F67E007E703A /* Robo */ = {
			isa = PBXGroup;
			children = (
				46F128E414E722A3003B6AF1 /* RoboViewController.h */,
				46F128E514E722A3003B6AF1 /* RoboViewController.m */,
				AE67FF0614E7781B00BC312F /* RDJSong.h */,
				AE67FF0714E7781B00BC312F /* RDJSong.m */,
				AE67FF0914E7786C00BC312F /* RDJSection.h */,
				AE67FF0A14E7786D00BC312F /* RDJSection.m */,
			);
			name = Robo;
			sourceTree = "<group>";
		};
		4657AF4314E7F69A007E703A /* Spotify */ = {
			isa = PBXGroup;
			children = (
				46F128DE14E71D45003B6AF1 /* SpotifyViewController.h */,
				46F128DF14E71D45003B6AF1 /* SpotifyViewController.m */,
				46C6033314E7FA7900A4E767 /* SPCircularBuffer.h */,
				46C6033414E7FA7900A4E767 /* SPCircularBuffer.m */,
				46C6033514E7FA7900A4E767 /* SPPlaybackManager.h */,
				46C6033614E7FA7900A4E767 /* SPPlaybackManager.m */,
			);
			name = Spotify;
			sourceTree = "<group>";
		};
		469D3C8D14E767C100111F81 /* libechonest */ = {
			isa = PBXGroup;
			children = (
				469D3C8E14E767C100111F81 /* libechonest-Prefix.pch */,
				469D3C8F14E767C100111F81 /* libs */,
				469D3C9314E767C100111F81 /* src */,
			);
			path = libechonest;
			sourceTree = "<group>";
		};
		469D3C8F14E767C100111F81 /* libs */ = {
			isa = PBXGroup;
			children = (
				469D3C9014E767C100111F81 /* Reachability */,
			);
			path = libs;
			sourceTree = "<group>";
		};
		469D3C9014E767C100111F81 /* Reachability */ = {
			isa = PBXGroup;
			children = (
				469D3C9114E767C100111F81 /* Reachability.h */,
				469D3C9214E767C100111F81 /* Reachability.m */,
			);
			path = Reachability;
			sourceTree = "<group>";
		};
		469D3C9314E767C100111F81 /* src */ = {
			isa = PBXGroup;
			children = (
				469D3C9414E767C100111F81 /* asi-http-request */,
				469D3CA914E767C100111F81 /* Base64 */,
				469D3CAC14E767C100111F81 /* ENAPI.h */,
				469D3CAD14E767C100111F81 /* ENAPI.m */,
				469D3CAE14E767C100111F81 /* ENAPI_utils.h */,
				469D3CAF14E767C100111F81 /* ENAPIPostRequest.h */,
				469D3CB014E767C100111F81 /* ENAPIPostRequest.m */,
				469D3CB114E767C100111F81 /* ENAPIRequest.h */,
				469D3CB214E767C100111F81 /* ENAPIRequest.m */,
				469D3CB314E767C100111F81 /* ENArtist.h */,
				469D3CB414E767C100111F81 /* ENArtist.m */,
				469D3CB514E767C100111F81 /* ENParamDictionary.h */,
				469D3CB614E767C100111F81 /* ENParamDictionary.m */,
				469D3CB714E767C100111F81 /* ENSigner.h */,
				469D3CB814E767C100111F81 /* ENSigner.m */,
				469D3CB914E767C100111F81 /* JSON */,
				469D3CCD14E767C100111F81 /* NSArray+ENAPI.h */,
				469D3CCE14E767C100111F81 /* NSArray+ENAPI.m */,
				469D3CCF14E767C100111F81 /* NSData+MD5.h */,
				469D3CD014E767C100111F81 /* NSData+MD5.m */,
				469D3CD114E767C100111F81 /* NSMutableDictionary+QueryString.h */,
				469D3CD214E767C100111F81 /* NSMutableDictionary+QueryString.m */,
				469D3CD314E767C100111F81 /* TSLibraryImport */,
			);
			path = src;
			sourceTree = "<group>";
		};
		469D3C9414E767C100111F81 /* asi-http-request */ = {
			isa = PBXGroup;
			children = (
				469D3C9514E767C100111F81 /* ASIAuthenticationDialog.h */,
				469D3C9614E767C100111F81 /* ASIAuthenticationDialog.m */,
				469D3C9714E767C100111F81 /* ASICacheDelegate.h */,
				469D3C9814E767C100111F81 /* ASIDataCompressor.h */,
				469D3C9914E767C100111F81 /* ASIDataCompressor.m */,
				469D3C9A14E767C100111F81 /* ASIDataDecompressor.h */,
				469D3C9B14E767C100111F81 /* ASIDataDecompressor.m */,
				469D3C9C14E767C100111F81 /* ASIDownloadCache.h */,
				469D3C9D14E767C100111F81 /* ASIDownloadCache.m */,
				469D3C9E14E767C100111F81 /* ASIFormDataRequest.h */,
				469D3C9F14E767C100111F81 /* ASIFormDataRequest.m */,
				469D3CA014E767C100111F81 /* ASIHTTPRequest.h */,
				469D3CA114E767C100111F81 /* ASIHTTPRequest.m */,
				469D3CA214E767C100111F81 /* ASIHTTPRequestConfig.h */,
				469D3CA314E767C100111F81 /* ASIHTTPRequestDelegate.h */,
				469D3CA414E767C100111F81 /* ASIInputStream.h */,
				469D3CA514E767C100111F81 /* ASIInputStream.m */,
				469D3CA614E767C100111F81 /* ASINetworkQueue.h */,
				469D3CA714E767C100111F81 /* ASINetworkQueue.m */,
				469D3CA814E767C100111F81 /* ASIProgressDelegate.h */,
			);
			path = "asi-http-request";
			sourceTree = "<group>";
		};
		469D3CA914E767C100111F81 /* Base64 */ = {
			isa = PBXGroup;
			children = (
				469D3CAA14E767C100111F81 /* Base64Transcoder.c */,
				469D3CAB14E767C100111F81 /* Base64Transcoder.h */,
			);
			path = Base64;
			sourceTree = "<group>";
		};
		469D3CB914E767C100111F81 /* JSON */ = {
			isa = PBXGroup;
			children = (
				469D3CBA14E767C100111F81 /* JSON.h */,
				469D3CBB14E767C100111F81 /* NSObject+JSON.h */,
				469D3CBC14E767C100111F81 /* NSObject+JSON.m */,
				469D3CBD14E767C100111F81 /* SBJsonParser.h */,
				469D3CBE14E767C100111F81 /* SBJsonParser.m */,
				469D3CBF14E767C100111F81 /* SBJsonStreamParser.h */,
				469D3CC014E767C100111F81 /* SBJsonStreamParser.m */,
				469D3CC114E767C100111F81 /* SBJsonStreamParserAdapter.h */,
				469D3CC214E767C100111F81 /* SBJsonStreamParserAdapter.m */,
				469D3CC314E767C100111F81 /* SBJsonStreamParserState.h */,
				469D3CC414E767C100111F81 /* SBJsonStreamParserState.m */,
				469D3CC514E767C100111F81 /* SBJsonStreamWriter.h */,
				469D3CC614E767C100111F81 /* SBJsonStreamWriter.m */,
				469D3CC714E767C100111F81 /* SBJsonStreamWriterState.h */,
				469D3CC814E767C100111F81 /* SBJsonStreamWriterState.m */,
				469D3CC914E767C100111F81 /* SBJsonTokeniser.h */,
				469D3CCA14E767C100111F81 /* SBJsonTokeniser.m */,
				469D3CCB14E767C100111F81 /* SBJsonWriter.h */,
				469D3CCC14E767C100111F81 /* SBJsonWriter.m */,
			);
			path = JSON;
			sourceTree = "<group>";
		};
		469D3CD314E767C100111F81 /* TSLibraryImport */ = {
			isa = PBXGroup;
			children = (
				469D3CD414E767C100111F81 /* TSLibraryImport.h */,
				469D3CD514E767C100111F81 /* TSLibraryImport.m */,
			);
			path = TSLibraryImport;
			sourceTree = "<group>";
		};
		46C6034B14E821DC00A4E767 /* Resources */ = {
			isa = PBXGroup;
			children = (
				46C6035814E8236E00A4E767 /* bg.png */,
				46C6035914E8236E00A4E767 /* bg@2x.png */,
				46C6035414E8225700A4E767 /* dislike.png */,
				46C6035514E8225700A4E767 /* dislike@2x.png */,
				46C6034E14E821EE00A4E767 /* like.png */,
				46C6034F14E821EE00A4E767 /* like@2x.png */,
			);
			name = Resources;
			path = RoboDJ;
			sourceTree = "<group>";
		};
		46EE00ED14E71A5B00299BD8 = {
			isa = PBXGroup;
			children = (
				46F128E714E723AD003B6AF1 /* Audio */,
				46EE010214E71A5B00299BD8 /* RoboDJ */,
				46EE00FB14E71A5B00299BD8 /* Frameworks */,
				46EE00F914E71A5B00299BD8 /* Products */,
				AEF8B4A414E7376E00E006B4 /* Dependencies */,
				46C6034B14E821DC00A4E767 /* Resources */,
			);
			sourceTree = "<group>";
		};
		46EE00F914E71A5B00299BD8 /* Products */ = {
			isa = PBXGroup;
			children = (
				46EE00F814E71A5B00299BD8 /* RoboDJ.app */,
			);
			name = Products;
			sourceTree = "<group>";
		};
		46EE00FB14E71A5B00299BD8 /* Frameworks */ = {
			isa = PBXGroup;
			children = (
				46BC0CE514E7695300C503DE /* SystemConfiguration.framework */,
				46BC0CE314E7694200C503DE /* MediaPlayer.framework */,
				46BC0CE114E7693000C503DE /* MobileCoreServices.framework */,
				46BC0CDF14E7692500C503DE /* libz.dylib */,
				AEF8B49914E735E200E006B4 /* CFNetwork.framework */,
				AEF8B49714E735C700E006B4 /* AudioToolbox.framework */,
				AEF8B49514E735B300E006B4 /* CoreAudio.framework */,
				AEF8B4A814E7384B00E006B4 /* libstdc++.dylib */,
				46F128F214E728F4003B6AF1 /* CoreMedia.framework */,
				46F128EE14E7257D003B6AF1 /* AVFoundation.framework */,
				46EE00FC14E71A5B00299BD8 /* UIKit.framework */,
				46EE00FE14E71A5B00299BD8 /* Foundation.framework */,
				46EE010014E71A5B00299BD8 /* CoreGraphics.framework */,
			);
			name = Frameworks;
			sourceTree = "<group>";
		};
		46EE010214E71A5B00299BD8 /* RoboDJ */ = {
			isa = PBXGroup;
			children = (
				46EE010B14E71A5B00299BD8 /* AppDelegate.h */,
				46EE010C14E71A5B00299BD8 /* AppDelegate.m */,
				46EE010E14E71A5B00299BD8 /* MainStoryboard.storyboard */,
				46C6034914E8159D00A4E767 /* SecondStoryboard.storyboard */,
				46EE011114E71A5B00299BD8 /* ViewController.h */,
				46EE011214E71A5B00299BD8 /* ViewController.m */,
				4657AF4214E7F67E007E703A /* Robo */,
				4657AF4314E7F69A007E703A /* Spotify */,
				469D3CF314E767F600111F81 /* EchonestViewController.h */,
				469D3CF414E767F600111F81 /* EchonestViewController.m */,
				467E31C614E7D0CC0081FDAB /* BonjourViewController.h */,
				467E31C714E7D0CC0081FDAB /* BonjourViewController.m */,
				46EE010314E71A5B00299BD8 /* Supporting Files */,
			);
			path = RoboDJ;
			sourceTree = "<group>";
		};
		46EE010314E71A5B00299BD8 /* Supporting Files */ = {
			isa = PBXGroup;
			children = (
				46EE010414E71A5B00299BD8 /* RoboDJ-Info.plist */,
				46EE010514E71A5B00299BD8 /* InfoPlist.strings */,
				46EE010814E71A5B00299BD8 /* main.m */,
				46EE010A14E71A5B00299BD8 /* RoboDJ-Prefix.pch */,
			);
			name = "Supporting Files";
			sourceTree = "<group>";
		};
		46F128E714E723AD003B6AF1 /* Audio */ = {
			isa = PBXGroup;
			children = (
				46F128EA14E72419003B6AF1 /* Paradise.mp3 */,
				46F128EC14E72442003B6AF1 /* Say.mp3 */,
				AE67FF0C14E77DE200BC312F /* Paradise.json */,
				AE67FF0D14E77DE200BC312F /* Say.json */,
			);
			name = Audio;
			sourceTree = "<group>";
		};
		AEF8B49C14E7375E00E006B4 /* Products */ = {
			isa = PBXGroup;
			children = (
				AEF8B4A314E7375E00E006B4 /* libCocoaLibSpotify.a */,
			);
			name = Products;
			sourceTree = "<group>";
		};
		AEF8B4A414E7376E00E006B4 /* Dependencies */ = {
			isa = PBXGroup;
			children = (
				469D3C8D14E767C100111F81 /* libechonest */,
				AEF8B49B14E7375E00E006B4 /* CocoaLibSpotify iOS Library.xcodeproj */,
			);
			name = Dependencies;
			sourceTree = "<group>";
		};
/* End PBXGroup section */

/* Begin PBXNativeTarget section */
		46EE00F714E71A5B00299BD8 /* RoboDJ */ = {
			isa = PBXNativeTarget;
			buildConfigurationList = 46EE011614E71A5B00299BD8 /* Build configuration list for PBXNativeTarget "RoboDJ" */;
			buildPhases = (
				46EE00F414E71A5B00299BD8 /* Sources */,
				46EE00F514E71A5B00299BD8 /* Frameworks */,
				46EE00F614E71A5B00299BD8 /* Resources */,
			);
			buildRules = (
			);
			dependencies = (
				AEF8B4A614E7377F00E006B4 /* PBXTargetDependency */,
			);
			name = RoboDJ;
			productName = RoboDJ;
			productReference = 46EE00F814E71A5B00299BD8 /* RoboDJ.app */;
			productType = "com.apple.product-type.application";
		};
/* End PBXNativeTarget section */

/* Begin PBXProject section */
		46EE00EF14E71A5B00299BD8 /* Project object */ = {
			isa = PBXProject;
			attributes = {
				LastUpgradeCheck = 0420;
				ORGANIZATIONNAME = n8chur;
			};
			buildConfigurationList = 46EE00F214E71A5B00299BD8 /* Build configuration list for PBXProject "RoboDJ" */;
			compatibilityVersion = "Xcode 3.2";
			developmentRegion = English;
			hasScannedForEncodings = 0;
			knownRegions = (
				en,
			);
			mainGroup = 46EE00ED14E71A5B00299BD8;
			productRefGroup = 46EE00F914E71A5B00299BD8 /* Products */;
			projectDirPath = "";
			projectReferences = (
				{
					ProductGroup = AEF8B49C14E7375E00E006B4 /* Products */;
					ProjectRef = AEF8B49B14E7375E00E006B4 /* CocoaLibSpotify iOS Library.xcodeproj */;
				},
			);
			projectRoot = "";
			targets = (
				46EE00F714E71A5B00299BD8 /* RoboDJ */,
			);
		};
/* End PBXProject section */

/* Begin PBXReferenceProxy section */
		AEF8B4A314E7375E00E006B4 /* libCocoaLibSpotify.a */ = {
			isa = PBXReferenceProxy;
			fileType = archive.ar;
			path = libCocoaLibSpotify.a;
			remoteRef = AEF8B4A214E7375E00E006B4 /* PBXContainerItemProxy */;
			sourceTree = BUILT_PRODUCTS_DIR;
		};
/* End PBXReferenceProxy section */

/* Begin PBXResourcesBuildPhase section */
		46EE00F614E71A5B00299BD8 /* Resources */ = {
			isa = PBXResourcesBuildPhase;
			buildActionMask = 2147483647;
			files = (
				46EE010714E71A5B00299BD8 /* InfoPlist.strings in Resources */,
				46EE011014E71A5B00299BD8 /* MainStoryboard.storyboard in Resources */,
				46F128EB14E72419003B6AF1 /* Paradise.mp3 in Resources */,
				46F128ED14E72442003B6AF1 /* Say.mp3 in Resources */,
				AE67FF0E14E77DE200BC312F /* Paradise.json in Resources */,
				AE67FF0F14E77DE200BC312F /* Say.json in Resources */,
				46C6034A14E8159D00A4E767 /* SecondStoryboard.storyboard in Resources */,
				46C6035214E821EE00A4E767 /* like.png in Resources */,
				46C6035314E821EE00A4E767 /* like@2x.png in Resources */,
				46C6035614E8225700A4E767 /* dislike.png in Resources */,
				46C6035714E8225700A4E767 /* dislike@2x.png in Resources */,
				46C6035A14E8236E00A4E767 /* bg.png in Resources */,
				46C6035B14E8236E00A4E767 /* bg@2x.png in Resources */,
			);
			runOnlyForDeploymentPostprocessing = 0;
		};
/* End PBXResourcesBuildPhase section */

/* Begin PBXSourcesBuildPhase section */
		46EE00F414E71A5B00299BD8 /* Sources */ = {
			isa = PBXSourcesBuildPhase;
			buildActionMask = 2147483647;
			files = (
				46EE010914E71A5B00299BD8 /* main.m in Sources */,
				46EE010D14E71A5B00299BD8 /* AppDelegate.m in Sources */,
				46EE011314E71A5B00299BD8 /* ViewController.m in Sources */,
				46F128E114E71D45003B6AF1 /* SpotifyViewController.m in Sources */,
				46F128E614E722A3003B6AF1 /* RoboViewController.m in Sources */,
				469D3CD614E767C100111F81 /* Reachability.m in Sources */,
				469D3CD714E767C100111F81 /* ASIAuthenticationDialog.m in Sources */,
				469D3CD814E767C100111F81 /* ASIDataCompressor.m in Sources */,
				469D3CD914E767C100111F81 /* ASIDataDecompressor.m in Sources */,
				469D3CDA14E767C100111F81 /* ASIDownloadCache.m in Sources */,
				469D3CDB14E767C100111F81 /* ASIFormDataRequest.m in Sources */,
				469D3CDC14E767C100111F81 /* ASIHTTPRequest.m in Sources */,
				469D3CDD14E767C100111F81 /* ASIInputStream.m in Sources */,
				469D3CDE14E767C100111F81 /* ASINetworkQueue.m in Sources */,
				469D3CDF14E767C100111F81 /* Base64Transcoder.c in Sources */,
				469D3CE014E767C100111F81 /* ENAPI.m in Sources */,
				469D3CE114E767C100111F81 /* ENAPIPostRequest.m in Sources */,
				469D3CE214E767C100111F81 /* ENAPIRequest.m in Sources */,
				469D3CE314E767C100111F81 /* ENArtist.m in Sources */,
				469D3CE414E767C100111F81 /* ENParamDictionary.m in Sources */,
				469D3CE514E767C100111F81 /* ENSigner.m in Sources */,
				469D3CE614E767C100111F81 /* NSObject+JSON.m in Sources */,
				469D3CE714E767C100111F81 /* SBJsonParser.m in Sources */,
				469D3CE814E767C100111F81 /* SBJsonStreamParser.m in Sources */,
				469D3CE914E767C100111F81 /* SBJsonStreamParserAdapter.m in Sources */,
				469D3CEA14E767C100111F81 /* SBJsonStreamParserState.m in Sources */,
				469D3CEB14E767C100111F81 /* SBJsonStreamWriter.m in Sources */,
				469D3CEC14E767C100111F81 /* SBJsonStreamWriterState.m in Sources */,
				469D3CED14E767C100111F81 /* SBJsonTokeniser.m in Sources */,
				469D3CEE14E767C100111F81 /* SBJsonWriter.m in Sources */,
				469D3CEF14E767C100111F81 /* NSArray+ENAPI.m in Sources */,
				469D3CF014E767C100111F81 /* NSData+MD5.m in Sources */,
				469D3CF114E767C100111F81 /* NSMutableDictionary+QueryString.m in Sources */,
				469D3CF214E767C100111F81 /* TSLibraryImport.m in Sources */,
				469D3CF514E767F600111F81 /* EchonestViewController.m in Sources */,
				AE67FF0814E7781B00BC312F /* RDJSong.m in Sources */,
				AE67FF0B14E7786D00BC312F /* RDJSection.m in Sources */,
				467E31C814E7D0CD0081FDAB /* BonjourViewController.m in Sources */,
				46C6033714E7FA7900A4E767 /* SPCircularBuffer.m in Sources */,
				46C6033814E7FA7900A4E767 /* SPPlaybackManager.m in Sources */,
			);
			runOnlyForDeploymentPostprocessing = 0;
		};
/* End PBXSourcesBuildPhase section */

/* Begin PBXTargetDependency section */
		AEF8B4A614E7377F00E006B4 /* PBXTargetDependency */ = {
			isa = PBXTargetDependency;
			name = CocoaLibSpotify;
			targetProxy = AEF8B4A514E7377F00E006B4 /* PBXContainerItemProxy */;
		};
/* End PBXTargetDependency section */

/* Begin PBXVariantGroup section */
		46EE010514E71A5B00299BD8 /* InfoPlist.strings */ = {
			isa = PBXVariantGroup;
			children = (
				46EE010614E71A5B00299BD8 /* en */,
			);
			name = InfoPlist.strings;
			sourceTree = "<group>";
		};
		46EE010E14E71A5B00299BD8 /* MainStoryboard.storyboard */ = {
			isa = PBXVariantGroup;
			children = (
				46EE010F14E71A5B00299BD8 /* en */,
			);
			name = MainStoryboard.storyboard;
			sourceTree = "<group>";
		};
/* End PBXVariantGroup section */

/* Begin XCBuildConfiguration section */
		46EE011414E71A5B00299BD8 /* Debug */ = {
			isa = XCBuildConfiguration;
			buildSettings = {
				ALWAYS_SEARCH_USER_PATHS = NO;
				ARCHS = "$(ARCHS_STANDARD_32_BIT)";
				CLANG_ENABLE_OBJC_ARC = YES;
				"CODE_SIGN_IDENTITY[sdk=iphoneos*]" = "iPhone Developer";
				COPY_PHASE_STRIP = NO;
				GCC_C_LANGUAGE_STANDARD = gnu99;
				GCC_DYNAMIC_NO_PIC = NO;
				GCC_OPTIMIZATION_LEVEL = 0;
				GCC_PREPROCESSOR_DEFINITIONS = (
					"DEBUG=1",
					"$(inherited)",
				);
				GCC_SYMBOLS_PRIVATE_EXTERN = NO;
				GCC_VERSION = com.apple.compilers.llvm.clang.1_0;
				GCC_WARN_ABOUT_MISSING_PROTOTYPES = YES;
				GCC_WARN_ABOUT_RETURN_TYPE = YES;
				GCC_WARN_UNUSED_VARIABLE = YES;
				IPHONEOS_DEPLOYMENT_TARGET = 5.0;
				SDKROOT = iphoneos;
			};
			name = Debug;
		};
		46EE011514E71A5B00299BD8 /* Release */ = {
			isa = XCBuildConfiguration;
			buildSettings = {
				ALWAYS_SEARCH_USER_PATHS = NO;
				ARCHS = "$(ARCHS_STANDARD_32_BIT)";
				CLANG_ENABLE_OBJC_ARC = YES;
				"CODE_SIGN_IDENTITY[sdk=iphoneos*]" = "iPhone Developer";
				COPY_PHASE_STRIP = YES;
				GCC_C_LANGUAGE_STANDARD = gnu99;
				GCC_VERSION = com.apple.compilers.llvm.clang.1_0;
				GCC_WARN_ABOUT_MISSING_PROTOTYPES = YES;
				GCC_WARN_ABOUT_RETURN_TYPE = YES;
				GCC_WARN_UNUSED_VARIABLE = YES;
				IPHONEOS_DEPLOYMENT_TARGET = 5.0;
				OTHER_CFLAGS = "-DNS_BLOCK_ASSERTIONS=1";
				SDKROOT = iphoneos;
				VALIDATE_PRODUCT = YES;
			};
			name = Release;
		};
		46EE011714E71A5B00299BD8 /* Debug */ = {
			isa = XCBuildConfiguration;
			buildSettings = {
				CODE_SIGN_IDENTITY = "iPhone Developer";
				GCC_PRECOMPILE_PREFIX_HEADER = YES;
				GCC_PREFIX_HEADER = "RoboDJ/RoboDJ-Prefix.pch";
				INFOPLIST_FILE = "RoboDJ/RoboDJ-Info.plist";
				OTHER_LDFLAGS = (
					"-ObjC",
					"-all_load",
				);
				PRODUCT_NAME = "$(TARGET_NAME)";
				PROVISIONING_PROFILE = "";
				WRAPPER_EXTENSION = app;
			};
			name = Debug;
		};
		46EE011814E71A5B00299BD8 /* Release */ = {
			isa = XCBuildConfiguration;
			buildSettings = {
				CODE_SIGN_IDENTITY = "iPhone Developer";
				GCC_PRECOMPILE_PREFIX_HEADER = YES;
				GCC_PREFIX_HEADER = "RoboDJ/RoboDJ-Prefix.pch";
				INFOPLIST_FILE = "RoboDJ/RoboDJ-Info.plist";
				OTHER_LDFLAGS = (
					"-ObjC",
					"-all_load",
				);
				PRODUCT_NAME = "$(TARGET_NAME)";
				PROVISIONING_PROFILE = "";
				WRAPPER_EXTENSION = app;
			};
			name = Release;
		};
/* End XCBuildConfiguration section */

/* Begin XCConfigurationList section */
		46EE00F214E71A5B00299BD8 /* Build configuration list for PBXProject "RoboDJ" */ = {
			isa = XCConfigurationList;
			buildConfigurations = (
				46EE011414E71A5B00299BD8 /* Debug */,
				46EE011514E71A5B00299BD8 /* Release */,
			);
			defaultConfigurationIsVisible = 0;
			defaultConfigurationName = Release;
		};
		46EE011614E71A5B00299BD8 /* Build configuration list for PBXNativeTarget "RoboDJ" */ = {
			isa = XCConfigurationList;
			buildConfigurations = (
				46EE011714E71A5B00299BD8 /* Debug */,
				46EE011814E71A5B00299BD8 /* Release */,
			);
			defaultConfigurationIsVisible = 0;
			defaultConfigurationName = Release;
		};
/* End XCConfigurationList section */
	};
	rootObject = 46EE00EF14E71A5B00299BD8 /* Project object */;
}
